
Microsoft Visual Studio Solution File, Format Version 12.00
# Visual Studio Version 17
VisualStudioVersion = 17.13.35825.156
MinimumVisualStudioVersion = 10.0.40219.1
Project("{FAE04EC0-301F-11D3-BF4B-00C04F79EFBC}") = "Lexer", "Lexer\Lexer.csproj", "{89F98C4B-C266-40FA-A5F8-45C60AEEB76B}"
EndProject
Project("{FAE04EC0-301F-11D3-BF4B-00C04F79EFBC}") = "Tests", "Tests\Tests.csproj", "{065DE980-F5E8-47D4-BFED-96CD9D8C0E16}"
EndProject
Project("{FAE04EC0-301F-11D3-BF4B-00C04F79EFBC}") = "Parser", "Parser\Parser.csproj", "{F44498EC-06CD-40BD-97ED-085764C0F586}"
EndProject
Project("{FAE04EC0-301F-11D3-BF4B-00C04F79EFBC}") = "TigerCode", "TigerCode\TigerCode.csproj", "{72B19F90-E867-44C4-8AAF-B2EF0458B34D}"
EndProject
Project("{FAE04EC0-301F-11D3-BF4B-00C04F79EFBC}") = "Backus-Naur Form", "Backus-Naur Form\Backus-Naur Form.csproj", "{AC122268-4DCB-4BC8-8405-1DDCFAD99FBA}"
EndProject
Project("{2150E333-8FDC-42A3-9474-1A3956D46DE8}") = "Solution Items", "Solution Items", "{02EA681E-C7D8-13C7-8484-4AC65E1B71E8}"
	ProjectSection(SolutionItems) = preProject
		.editorconfig = .editorconfig
	EndProjectSection
EndProject
Global
	GlobalSection(SolutionConfigurationPlatforms) = preSolution
		Debug|Any CPU = Debug|Any CPU
		Release|Any CPU = Release|Any CPU
	EndGlobalSection
	GlobalSection(ProjectConfigurationPlatforms) = postSolution
		{89F98C4B-C266-40FA-A5F8-45C60AEEB76B}.Debug|Any CPU.ActiveCfg = Debug|Any CPU
		{89F98C4B-C266-40FA-A5F8-45C60AEEB76B}.Debug|Any CPU.Build.0 = Debug|Any CPU
		{89F98C4B-C266-40FA-A5F8-45C60AEEB76B}.Release|Any CPU.ActiveCfg = Release|Any CPU
		{89F98C4B-C266-40FA-A5F8-45C60AEEB76B}.Release|Any CPU.Build.0 = Release|Any CPU
		{065DE980-F5E8-47D4-BFED-96CD9D8C0E16}.Debug|Any CPU.ActiveCfg = Debug|Any CPU
		{065DE980-F5E8-47D4-BFED-96CD9D8C0E16}.Debug|Any CPU.Build.0 = Debug|Any CPU
		{065DE980-F5E8-47D4-BFED-96CD9D8C0E16}.Release|Any CPU.ActiveCfg = Release|Any CPU
		{065DE980-F5E8-47D4-BFED-96CD9D8C0E16}.Release|Any CPU.Build.0 = Release|Any CPU
		{F44498EC-06CD-40BD-97ED-085764C0F586}.Debug|Any CPU.ActiveCfg = Debug|Any CPU
		{F44498EC-06CD-40BD-97ED-085764C0F586}.Debug|Any CPU.Build.0 = Debug|Any CPU
		{F44498EC-06CD-40BD-97ED-085764C0F586}.Release|Any CPU.ActiveCfg = Release|Any CPU
		{F44498EC-06CD-40BD-97ED-085764C0F586}.Release|Any CPU.Build.0 = Release|Any CPU
		{72B19F90-E867-44C4-8AAF-B2EF0458B34D}.Debug|Any CPU.ActiveCfg = Debug|Any CPU
		{72B19F90-E867-44C4-8AAF-B2EF0458B34D}.Debug|Any CPU.Build.0 = Debug|Any CPU
		{72B19F90-E867-44C4-8AAF-B2EF0458B34D}.Release|Any CPU.ActiveCfg = Release|Any CPU
		{72B19F90-E867-44C4-8AAF-B2EF0458B34D}.Release|Any CPU.Build.0 = Release|Any CPU
		{AC122268-4DCB-4BC8-8405-1DDCFAD99FBA}.Debug|Any CPU.ActiveCfg = Debug|Any CPU
		{AC122268-4DCB-4BC8-8405-1DDCFAD99FBA}.Debug|Any CPU.Build.0 = Debug|Any CPU
		{AC122268-4DCB-4BC8-8405-1DDCFAD99FBA}.Release|Any CPU.ActiveCfg = Release|Any CPU
		{AC122268-4DCB-4BC8-8405-1DDCFAD99FBA}.Release|Any CPU.Build.0 = Release|Any CPU
	EndGlobalSection
	GlobalSection(SolutionProperties) = preSolution
		HideSolutionNode = FALSE
	EndGlobalSection
	GlobalSection(ExtensibilityGlobals) = postSolution
		SolutionGuid = {06CA6807-4D52-4C53-BCE5-E31EC5E5FABE}
	EndGlobalSection
EndGlobal
